
Microsoft Visual Studio Solution File, Format Version 12.00
# Visual Studio Version 17
VisualStudioVersion = 17.3.32811.315
MinimumVisualStudioVersion = 10.0.40219.1
Project("{FAE04EC0-301F-11D3-BF4B-00C04F79EFBC}") = "EczaneOtomasyonu", "EczaneOtomasyonu\EczaneOtomasyonu.csproj", "{37159331-52B9-45A2-88E0-7E9AF2F0CF6F}"
EndProject
Global
	GlobalSection(SolutionConfigurationPlatforms) = preSolution
		Debug|Any CPU = Debug|Any CPU
		Release|Any CPU = Release|Any CPU
	EndGlobalSection
	GlobalSection(ProjectConfigurationPlatforms) = postSolution
		{37159331-52B9-45A2-88E0-7E9AF2F0CF6F}.Debug|Any CPU.ActiveCfg = Debug|Any CPU
		{37159331-52B9-45A2-88E0-7E9AF2F0CF6F}.Debug|Any CPU.Build.0 = Debug|Any CPU
		{37159331-52B9-45A2-88E0-7E9AF2F0CF6F}.Release|Any CPU.ActiveCfg = Release|Any CPU
		{37159331-52B9-45A2-88E0-7E9AF2F0CF6F}.Release|Any CPU.Build.0 = Release|Any CPU
	EndGlobalSection
	GlobalSection(SolutionProperties) = preSolution
		HideSolutionNode = FALSE
	EndGlobalSection
	GlobalSection(ExtensibilityGlobals) = postSolution
		SolutionGuid = {818E813C-915A-4D1B-B4EC-DDD864687E44}
	EndGlobalSection
EndGlobal
